
Microsoft Visual Studio Solution File, Format Version 12.00
# Visual Studio Version 17
VisualStudioVersion = 17.1.32228.430
MinimumVisualStudioVersion = 10.0.40219.1
Project("{FAE04EC0-301F-11D3-BF4B-00C04F79EFBC}") = "xadrez_console", "xadrez_console\xadrez_console.csproj", "{3EC408FB-A492-46D3-862B-969B62CE0CA6}"
EndProject
Global
	GlobalSection(SolutionConfigurationPlatforms) = preSolution
		Debug|Any CPU = Debug|Any CPU
		Release|Any CPU = Release|Any CPU
	EndGlobalSection
	GlobalSection(ProjectConfigurationPlatforms) = postSolution
		{3EC408FB-A492-46D3-862B-969B62CE0CA6}.Debug|Any CPU.ActiveCfg = Debug|Any CPU
		{3EC408FB-A492-46D3-862B-969B62CE0CA6}.Debug|Any CPU.Build.0 = Debug|Any CPU
		{3EC408FB-A492-46D3-862B-969B62CE0CA6}.Release|Any CPU.ActiveCfg = Release|Any CPU
		{3EC408FB-A492-46D3-862B-969B62CE0CA6}.Release|Any CPU.Build.0 = Release|Any CPU
	EndGlobalSection
	GlobalSection(SolutionProperties) = preSolution
		HideSolutionNode = FALSE
	EndGlobalSection
	GlobalSection(ExtensibilityGlobals) = postSolution
		SolutionGuid = {326EAA1E-09E2-4981-BA18-AF4FF76CF4FD}
	EndGlobalSection
EndGlobal
